
Microsoft Visual Studio Solution File, Format Version 12.00
# Visual Studio Version 16
VisualStudioVersion = 16.0.29613.14
MinimumVisualStudioVersion = 10.0.40219.1
Project("{FAE04EC0-301F-11D3-BF4B-00C04F79EFBC}") = "ExoGif", "ExoGif\ExoGif.csproj", "{12321B84-8C65-47EB-9DA0-6B0AD05EEB1A}"
EndProject
Global
	GlobalSection(SolutionConfigurationPlatforms) = preSolution
		Debug|Any CPU = Debug|Any CPU
		Release|Any CPU = Release|Any CPU
	EndGlobalSection
	GlobalSection(ProjectConfigurationPlatforms) = postSolution
		{12321B84-8C65-47EB-9DA0-6B0AD05EEB1A}.Debug|Any CPU.ActiveCfg = Debug|Any CPU
		{12321B84-8C65-47EB-9DA0-6B0AD05EEB1A}.Debug|Any CPU.Build.0 = Debug|Any CPU
		{12321B84-8C65-47EB-9DA0-6B0AD05EEB1A}.Release|Any CPU.ActiveCfg = Release|Any CPU
		{12321B84-8C65-47EB-9DA0-6B0AD05EEB1A}.Release|Any CPU.Build.0 = Release|Any CPU
	EndGlobalSection
	GlobalSection(SolutionProperties) = preSolution
		HideSolutionNode = FALSE
	EndGlobalSection
	GlobalSection(ExtensibilityGlobals) = postSolution
		SolutionGuid = {9252C378-4F79-4D45-94F9-33C3C97A83B6}
	EndGlobalSection
EndGlobal
